PODS:
  - Alamofire (4.9.1)
  - SMNetworkManager (0.0.4):
    - Alamofire

DEPENDENCIES:
  - Alamofire
  - SMNetworkManager (from `../`)

SPEC REPOS:
  trunk:
    - Alamofire

EXTERNAL SOURCES:
  SMNetworkManager:
    :path: "../"

SPEC CHECKSUMS:
  Alamofire: 85e8a02c69d6020a0d734f6054870d7ecb75cf18
  SMNetworkManager: dc39c57d32b2df986b97185a8a2664fff69fb104

PODFILE CHECKSUM: a63a7966571e7a67e3d7d79bf8389c5dbd478648

COCOAPODS: 1.8.4
